Microsoft Visual Studio Solution File, Format Version 12.00
# Visual Studio 15
VisualStudioVersion = 15.0.26730.8
MinimumVisualStudioVersion = 15.0.26124.0
Project("{9A19103F-16F7-4668-BE54-9A1E7A4F7556}") = "Parser", "Parser\Parser.csproj", "{DE6C03D9-4065-4E7A-BFDF-E0C4D9FEBAC6}"
EndProject
Project("{9A19103F-16F7-4668-BE54-9A1E7A4F7556}") = "Parser.Test", "Parser.Test\Parser.Test.csproj", "{DBBDB754-7AE5-4DD3-B434-0BE518D2E20C}"
EndProject
Project("{9A19103F-16F7-4668-BE54-9A1E7A4F7556}") = "Demo", "Demo\Demo.csproj", "{9E5E45AD-E605-43FD-8147-7362A8D4299C}"
EndProject
Global
	GlobalSection(SolutionConfigurationPlatforms) = preSolution
		Debug|Any CPU = Debug|Any CPU
		Debug|x64 = Debug|x64
		Debug|x86 = Debug|x86
		Release|Any CPU = Release|Any CPU
		Release|x64 = Release|x64
		Release|x86 = Release|x86
	EndGlobalSection
	GlobalSection(ProjectConfigurationPlatforms) = postSolution
		{DE6C03D9-4065-4E7A-BFDF-E0C4D9FEBAC6}.Debug|Any CPU.ActiveCfg = Debug|Any CPU
		{DE6C03D9-4065-4E7A-BFDF-E0C4D9FEBAC6}.Debug|Any CPU.Build.0 = Debug|Any CPU
		{DE6C03D9-4065-4E7A-BFDF-E0C4D9FEBAC6}.Debug|x64.ActiveCfg = Debug|Any CPU
		{DE6C03D9-4065-4E7A-BFDF-E0C4D9FEBAC6}.Debug|x64.Build.0 = Debug|Any CPU
		{DE6C03D9-4065-4E7A-BFDF-E0C4D9FEBAC6}.Debug|x86.ActiveCfg = Debug|Any CPU
		{DE6C03D9-4065-4E7A-BFDF-E0C4D9FEBAC6}.Debug|x86.Build.0 = Debug|Any CPU
		{DE6C03D9-4065-4E7A-BFDF-E0C4D9FEBAC6}.Release|Any CPU.ActiveCfg = Release|Any CPU
		{DE6C03D9-4065-4E7A-BFDF-E0C4D9FEBAC6}.Release|Any CPU.Build.0 = Release|Any CPU
		{DE6C03D9-4065-4E7A-BFDF-E0C4D9FEBAC6}.Release|x64.ActiveCfg = Release|Any CPU
		{DE6C03D9-4065-4E7A-BFDF-E0C4D9FEBAC6}.Release|x64.Build.0 = Release|Any CPU
		{DE6C03D9-4065-4E7A-BFDF-E0C4D9FEBAC6}.Release|x86.ActiveCfg = Release|Any CPU
		{DE6C03D9-4065-4E7A-BFDF-E0C4D9FEBAC6}.Release|x86.Build.0 = Release|Any CPU
		{DBBDB754-7AE5-4DD3-B434-0BE518D2E20C}.Debug|Any CPU.ActiveCfg = Debug|Any CPU
		{DBBDB754-7AE5-4DD3-B434-0BE518D2E20C}.Debug|Any CPU.Build.0 = Debug|Any CPU
		{DBBDB754-7AE5-4DD3-B434-0BE518D2E20C}.Debug|x64.ActiveCfg = Debug|Any CPU
		{DBBDB754-7AE5-4DD3-B434-0BE518D2E20C}.Debug|x64.Build.0 = Debug|Any CPU
		{DBBDB754-7AE5-4DD3-B434-0BE518D2E20C}.Debug|x86.ActiveCfg = Debug|Any CPU
		{DBBDB754-7AE5-4DD3-B434-0BE518D2E20C}.Debug|x86.Build.0 = Debug|Any CPU
		{DBBDB754-7AE5-4DD3-B434-0BE518D2E20C}.Release|Any CPU.ActiveCfg = Release|Any CPU
		{DBBDB754-7AE5-4DD3-B434-0BE518D2E20C}.Release|Any CPU.Build.0 = Release|Any CPU
		{DBBDB754-7AE5-4DD3-B434-0BE518D2E20C}.Release|x64.ActiveCfg = Release|Any CPU
		{DBBDB754-7AE5-4DD3-B434-0BE518D2E20C}.Release|x64.Build.0 = Release|Any CPU
		{DBBDB754-7AE5-4DD3-B434-0BE518D2E20C}.Release|x86.ActiveCfg = Release|Any CPU
		{DBBDB754-7AE5-4DD3-B434-0BE518D2E20C}.Release|x86.Build.0 = Release|Any CPU
		{9E5E45AD-E605-43FD-8147-7362A8D4299C}.Debug|Any CPU.ActiveCfg = Debug|Any CPU
		{9E5E45AD-E605-43FD-8147-7362A8D4299C}.Debug|Any CPU.Build.0 = Debug|Any CPU
		{9E5E45AD-E605-43FD-8147-7362A8D4299C}.Debug|x64.ActiveCfg = Debug|Any CPU
		{9E5E45AD-E605-43FD-8147-7362A8D4299C}.Debug|x64.Build.0 = Debug|Any CPU
		{9E5E45AD-E605-43FD-8147-7362A8D4299C}.Debug|x86.ActiveCfg = Debug|Any CPU
		{9E5E45AD-E605-43FD-8147-7362A8D4299C}.Debug|x86.Build.0 = Debug|Any CPU
		{9E5E45AD-E605-43FD-8147-7362A8D4299C}.Release|Any CPU.ActiveCfg = Release|Any CPU
		{9E5E45AD-E605-43FD-8147-7362A8D4299C}.Release|Any CPU.Build.0 = Release|Any CPU
		{9E5E45AD-E605-43FD-8147-7362A8D4299C}.Release|x64.ActiveCfg = Release|Any CPU
		{9E5E45AD-E605-43FD-8147-7362A8D4299C}.Release|x64.Build.0 = Release|Any CPU
		{9E5E45AD-E605-43FD-8147-7362A8D4299C}.Release|x86.ActiveCfg = Release|Any CPU
		{9E5E45AD-E605-43FD-8147-7362A8D4299C}.Release|x86.Build.0 = Release|Any CPU
	EndGlobalSection
	GlobalSection(SolutionProperties) = preSolution
		HideSolutionNode = FALSE
	EndGlobalSection
	GlobalSection(ExtensibilityGlobals) = postSolution
		SolutionGuid = {BB13579E-EE9D-41C2-9F31-176DFA9659F9}
	EndGlobalSection
EndGlobal
